{
  "name": "seeded-color",
  "version": "1.0.2",
  "lockfileVersion": 2,
  "requires": true,
  "packages": {
    "": {
      "version": "1.0.2",
      "license": "MIT",
      "dependencies": {
        "seeded-numbers": "^1.0.3"
      },
      "devDependencies": {
        "typescript": "^4.1.2"
      }
    },
    "node_modules/seeded-numbers": {
      "version": "1.0.3",
      "resolved": "https://registry.npmjs.org/seeded-numbers/-/seeded-numbers-1.0.3.tgz",
      "integrity": "sha512-YYdQ6efqKENxdvD0hS5uHmawmadCfaqLILVzssy5E+WdHl15LhzVDyB1ENkJBxTJzPRXGECYU1qb7WjZV/h2fw=="
    },
    "node_modules/typescript": {
      "version": "4.1.2",
      "resolved": "https://registry.npmjs.org/typescript/-/typescript-4.1.2.tgz",
      "integrity": "sha512-thGloWsGH3SOxv1SoY7QojKi0tc+8FnOmiarEGMbd/lar7QOEd3hvlx3Fp5y6FlDUGl9L+pd4n2e+oToGMmhRQ==",
      "dev": true,
      "bin": {
        "tsc": "bin/tsc",
        "tsserver": "bin/tsserver"
      },
      "engines": {
        "node": ">=4.2.0"
      }
    }
  },
  "dependencies": {
    "seeded-numbers": {
      "version": "1.0.3",
      "resolved": "https://registry.npmjs.org/seeded-numbers/-/seeded-numbers-1.0.3.tgz",
      "integrity": "sha512-YYdQ6efqKENxdvD0hS5uHmawmadCfaqLILVzssy5E+WdHl15LhzVDyB1ENkJBxTJzPRXGECYU1qb7WjZV/h2fw=="
    },
    "typescript": {
      "version": "4.1.2",
      "resolved": "https://registry.npmjs.org/typescript/-/typescript-4.1.2.tgz",
      "integrity": "sha512-thGloWsGH3SOxv1SoY7QojKi0tc+8FnOmiarEGMbd/lar7QOEd3hvlx3Fp5y6FlDUGl9L+pd4n2e+oToGMmhRQ==",
      "dev": true
    }
  }
}
